PODS:
  - RxBlocking (6.6.0):
    - RxSwift (= 6.6.0)
  - RxCocoa (6.6.0):
    - RxRelay (= 6.6.0)
    - RxSwift (= 6.6.0)
  - RxRelay (6.6.0):
    - RxSwift (= 6.6.0)
  - RxSwift (6.6.0)
  - RxTest (6.6.0):
    - RxSwift (= 6.6.0)
  - SnapKit (5.7.1)
  - SwiftLint (0.54.0)

DEPENDENCIES:
  - RxBlocking (= 6.6.0)
  - RxCocoa (= 6.6.0)
  - RxSwift (= 6.6.0)
  - RxTest (= 6.6.0)
  - SnapKit (~> 5.7.0)
  - SwiftLint (~> 0.54)

SPEC REPOS:
  trunk:
    - RxBlocking
    - RxCocoa
    - RxRelay
    - RxSwift
    - RxTest
    - SnapKit
    - SwiftLint

SPEC CHECKSUMS:
  RxBlocking: fbd1f8501443024f686e556f36dac79b0d5f4d7c
  RxCocoa: 44a80de90e25b739b5aeaae3c8c371a32e3343cc
  RxRelay: 45eaa5db8ee4fb50e5ebd57deec0159e97fa51e6
  RxSwift: a4b44f7d24599f674deebd1818eab82e58410632
  RxTest: a23f26bb53a5e146a0a69db4f0fa0b69001ce7f4
  SnapKit: d612e99e678a2d3b95bf60b0705ed0a35c03484a
  SwiftLint: c1de071d9d08c8aba837545f6254315bc900e211

PODFILE CHECKSUM: 497e6da3a2ce033c269568eed05909ce81b07067

COCOAPODS: 1.11.2
