PODS:
  - RxBlocking (6.9.0):
    - RxSwift (= 6.9.0)
  - RxCocoa (6.9.0):
    - RxRelay (= 6.9.0)
    - RxSwift (= 6.9.0)
  - RxRelay (6.9.0):
    - RxSwift (= 6.9.0)
  - RxSwift (6.9.0)
  - RxTest (6.9.0):
    - RxSwift (= 6.9.0)
  - SnapKit (5.7.1)
  - SwiftLint (0.63.2)

DEPENDENCIES:
  - RxBlocking (~> 6.9.0)
  - RxCocoa (~> 6.9.0)
  - RxSwift (~> 6.9.0)
  - RxTest (~> 6.9.0)
  - SnapKit (~> 5.7.0)
  - SwiftLint (~> 0.54)

SPEC REPOS:
  trunk:
    - RxBlocking
    - RxCocoa
    - RxRelay
    - RxSwift
    - RxTest
    - SnapKit
    - SwiftLint

SPEC CHECKSUMS:
  RxBlocking: 5d2b26d019b6ba9eb3f58638611f124609c44822
  RxCocoa: ac16414696ae706516be3e1ab00fcce5bdc9be8a
  RxRelay: 6b0c930e5cef57d5fe2032571e5e65b78e3cbdb1
  RxSwift: 31649ace6aceeb422e16ff71c60804f9c3281ed9
  RxTest: fa7749822359a10a19b9fa32b80dbe608e4ce44e
  SnapKit: d612e99e678a2d3b95bf60b0705ed0a35c03484a
  SwiftLint: 4fa4a9b437ccc4fc72f6c0bc98556e8e9e05bccf

PODFILE CHECKSUM: 26d0e50d15886c076b936d69ef4025f2f9ede7ec

COCOAPODS: 1.16.2
