// !$*UTF8*$!
{
	archiveVersion = 1;
	classes = {
	};
	objectVersion = 56;
	objects = {

/* Begin PBXBuildFile section */
		7499C1012FF23A1100A1C901 /* AppLaunchEnvironment.swift in Sources */ = {isa = PBXBuildFile; fileRef = 7499C1002FF23A1100A1C901 /* AppLaunchEnvironment.swift */; };
		749F0C552FF286B90056A1C9 /* AvatarImagePresenter.swift in Sources */ = {isa = PBXBuildFile; fileRef = 749F0C542FF286B90056A1C9 /* AvatarImagePresenter.swift */; };
		74C0DE6B2FF2A10000A1C901 /* L10n.swift in Sources */ = {isa = PBXBuildFile; fileRef = 74C0DE6A2FF2A10000A1C901 /* L10n.swift */; };
		74C0DE6E2FF2A12000A1C901 /* Localizable.strings in Resources */ = {isa = PBXBuildFile; fileRef = 74C0DE6C2FF2A12000A1C901 /* Localizable.strings */; };
		750C8FCB2FDC2A9000A1C901 /* RepositoryCell.swift in Sources */ = {isa = PBXBuildFile; fileRef = 750C8FCA2FDC2A9000A1C901 /* RepositoryCell.swift */; };
		750F6B152FDC3D6900E9A112 /* RepoDetailsViewModelTests.swift in Sources */ = {isa = PBXBuildFile; fileRef = 750F6B142FDC3D6900E9A112 /* RepoDetailsViewModelTests.swift */; };
		7510F5742FF264E600C11C44 /* RepositoryCellTests.swift in Sources */ = {isa = PBXBuildFile; fileRef = 7510F5732FF264E600C11C44 /* RepositoryCellTests.swift */; };
		75D4D8852FF24F6400C0D123 /* ImageLoaderTests.swift in Sources */ = {isa = PBXBuildFile; fileRef = 75D4D8842FF24F6400C0D123 /* ImageLoaderTests.swift */; };
		752F21C92F4E0D7D00C37D06 /* GitHubServiceMock.swift in Sources */ = {isa = PBXBuildFile; fileRef = 752F21C82F4E0D7D00C37D06 /* GitHubServiceMock.swift */; };
		753949792F47714F00E65D87 /* Coordinator.swift in Sources */ = {isa = PBXBuildFile; fileRef = 753949782F47714F00E65D87 /* Coordinator.swift */; };
		7539497B2F4771A300E65D87 /* AppCoordinator.swift in Sources */ = {isa = PBXBuildFile; fileRef = 7539497A2F4771A300E65D87 /* AppCoordinator.swift */; };
		7539497D2F47722900E65D87 /* SearchCoordinator.swift in Sources */ = {isa = PBXBuildFile; fileRef = 7539497C2F47722900E65D87 /* SearchCoordinator.swift */; };
		7539497F2F47725B00E65D87 /* RepoDetailsCoordinator.swift in Sources */ = {isa = PBXBuildFile; fileRef = 7539497E2F47725B00E65D87 /* RepoDetailsCoordinator.swift */; };
		756D48932F4764370061A2EF /* RepoDetailsViewModel.swift in Sources */ = {isa = PBXBuildFile; fileRef = 756D48922F4764370061A2EF /* RepoDetailsViewModel.swift */; };
		756D48952F4764800061A2EF /* RepoDetailsViewController.swift in Sources */ = {isa = PBXBuildFile; fileRef = 756D48942F4764800061A2EF /* RepoDetailsViewController.swift */; };
		756E1A0F2F5F20A50091B2CD /* GitHubServiceTests.swift in Sources */ = {isa = PBXBuildFile; fileRef = 756E1A0D2F5F20A50091B2CD /* GitHubServiceTests.swift */; };
		756E1A102F5F20A50091B2CD /* NetworkClientMock.swift in Sources */ = {isa = PBXBuildFile; fileRef = 756E1A0E2F5F20A50091B2CD /* NetworkClientMock.swift */; };
		757F7D572F44F9D800F16F6E /* Repo.swift in Sources */ = {isa = PBXBuildFile; fileRef = 757F7D562F44F9D800F16F6E /* Repo.swift */; };
		757F7D5D2F44FA7600F16F6E /* GitHubAPI.swift in Sources */ = {isa = PBXBuildFile; fileRef = 757F7D5C2F44FA7600F16F6E /* GitHubAPI.swift */; };
		757F7D5F2F44FA9C00F16F6E /* NetworkClient.swift in Sources */ = {isa = PBXBuildFile; fileRef = 757F7D5E2F44FA9C00F16F6E /* NetworkClient.swift */; };
		757F7D622F44FAE000F16F6E /* GitHubService.swift in Sources */ = {isa = PBXBuildFile; fileRef = 757F7D612F44FAE000F16F6E /* GitHubService.swift */; };
		75D4D8832FF24D2E00C0D123 /* ImageLoader.swift in Sources */ = {isa = PBXBuildFile; fileRef = 75D4D8822FF24D2E00C0D123 /* ImageLoader.swift */; };
		757F7D642F44FBA300F16F6E /* SearchViewModel.swift in Sources */ = {isa = PBXBuildFile; fileRef = 757F7D632F44FBA300F16F6E /* SearchViewModel.swift */; };
		757F7D672F44FC5C00F16F6E /* ActivityIndicator.swift in Sources */ = {isa = PBXBuildFile; fileRef = 757F7D662F44FC5C00F16F6E /* ActivityIndicator.swift */; };
		759A48C02F5D3A1200B8D7E1 /* SearchViewModelStateTests.swift in Sources */ = {isa = PBXBuildFile; fileRef = 759A48BF2F5D3A1200B8D7E1 /* SearchViewModelStateTests.swift */; };
		75AA0D392F435DE300B7FEFD /* AppDelegate.swift in Sources */ = {isa = PBXBuildFile; fileRef = 75AA0D382F435DE300B7FEFD /* AppDelegate.swift */; };
		75AA0D3B2F435DE300B7FEFD /* SceneDelegate.swift in Sources */ = {isa = PBXBuildFile; fileRef = 75AA0D3A2F435DE300B7FEFD /* SceneDelegate.swift */; };
		75AA0D3D2F435DE300B7FEFD /* SearchViewController.swift in Sources */ = {isa = PBXBuildFile; fileRef = 75AA0D3C2F435DE300B7FEFD /* SearchViewController.swift */; };
		75AA0D422F435DE500B7FEFD /* Assets.xcassets in Resources */ = {isa = PBXBuildFile; fileRef = 75AA0D412F435DE500B7FEFD /* Assets.xcassets */; };
		75AA0D452F435DE500B7FEFD /* LaunchScreen.storyboard in Resources */ = {isa = PBXBuildFile; fileRef = 75AA0D432F435DE500B7FEFD /* LaunchScreen.storyboard */; };
		75AA0D5A2F435DE600B7FEFD /* GithubSearchUITests.swift in Sources */ = {isa = PBXBuildFile; fileRef = 75AA0D592F435DE600B7FEFD /* GithubSearchUITests.swift */; };
		75AA0D5C2F435DE600B7FEFD /* GithubSearchUITestsLaunchTests.swift in Sources */ = {isa = PBXBuildFile; fileRef = 75AA0D5B2F435DE600B7FEFD /* GithubSearchUITestsLaunchTests.swift */; };
		75C987B62F4DFEC00031A9A8 /* SearchViewModelTests.swift in Sources */ = {isa = PBXBuildFile; fileRef = 75C987B52F4DFEC00031A9A8 /* SearchViewModelTests.swift */; };
		86ABAE3296A8D2E5BF68B993 /* Pods_GithubSearch.framework in Frameworks */ = {isa = PBXBuildFile; fileRef = 9552144DFDC81286A263142E /* Pods_GithubSearch.framework */; };
		F057FA8C133EBF8F5F2944A2 /* Pods_GithubSearchTests.framework in Frameworks */ = {isa = PBXBuildFile; fileRef = 59C5EF34541429DC176D3F61 /* Pods_GithubSearchTests.framework */; };
/* End PBXBuildFile section */

/* Begin PBXContainerItemProxy section */
		75AA0D4C2F435DE600B7FEFD /* PBXContainerItemProxy */ = {
			isa = PBXContainerItemProxy;
			containerPortal = 75AA0D2D2F435DE300B7FEFD /* Project object */;
			proxyType = 1;
			remoteGlobalIDString = 75AA0D342F435DE300B7FEFD;
			remoteInfo = GithubSearch;
		};
		75AA0D562F435DE600B7FEFD /* PBXContainerItemProxy */ = {
			isa = PBXContainerItemProxy;
			containerPortal = 75AA0D2D2F435DE300B7FEFD /* Project object */;
			proxyType = 1;
			remoteGlobalIDString = 75AA0D342F435DE300B7FEFD;
			remoteInfo = GithubSearch;
		};
/* End PBXContainerItemProxy section */

/* Begin PBXFileReference section */
		4E53E06399DFED2F523EC26E /* Pods-GithubSearchTests.release.xcconfig */ = {isa = PBXFileReference; includeInIndex = 1; lastKnownFileType = text.xcconfig; name = "Pods-GithubSearchTests.release.xcconfig"; path = "Target Support Files/Pods-GithubSearchTests/Pods-GithubSearchTests.release.xcconfig"; sourceTree = "<group>"; };
		59C5EF34541429DC176D3F61 /* Pods_GithubSearchTests.framework */ = {isa = PBXFileReference; explicitFileType = wrapper.framework; includeInIndex = 0; path = Pods_GithubSearchTests.framework; sourceTree = BUILT_PRODUCTS_DIR; };
		7499C1002FF23A1100A1C901 /* AppLaunchEnvironment.swift */ = {isa = PBXFileReference; lastKnownFileType = sourcecode.swift; path = AppLaunchEnvironment.swift; sourceTree = "<group>"; };
		749F0C542FF286B90056A1C9 /* AvatarImagePresenter.swift */ = {isa = PBXFileReference; lastKnownFileType = sourcecode.swift; path = AvatarImagePresenter.swift; sourceTree = "<group>"; };
		74C0DE6A2FF2A10000A1C901 /* L10n.swift */ = {isa = PBXFileReference; lastKnownFileType = sourcecode.swift; path = L10n.swift; sourceTree = "<group>"; };
		74C0DE6D2FF2A12000A1C901 /* en */ = {isa = PBXFileReference; lastKnownFileType = text.plist.strings; name = en; path = en.lproj/Localizable.strings; sourceTree = "<group>"; };
		75018D662F4E045000A88E6D /* RxSwift.framework */ = {isa = PBXFileReference; explicitFileType = wrapper.framework; path = RxSwift.framework; sourceTree = BUILT_PRODUCTS_DIR; };
		750C8FCA2FDC2A9000A1C901 /* RepositoryCell.swift */ = {isa = PBXFileReference; lastKnownFileType = sourcecode.swift; path = RepositoryCell.swift; sourceTree = "<group>"; };
		750F6B142FDC3D6900E9A112 /* RepoDetailsViewModelTests.swift */ = {isa = PBXFileReference; lastKnownFileType = sourcecode.swift; path = RepoDetailsViewModelTests.swift; sourceTree = "<group>"; };
		7510F5732FF264E600C11C44 /* RepositoryCellTests.swift */ = {isa = PBXFileReference; lastKnownFileType = sourcecode.swift; path = RepositoryCellTests.swift; sourceTree = "<group>"; };
		75D4D8842FF24F6400C0D123 /* ImageLoaderTests.swift */ = {isa = PBXFileReference; lastKnownFileType = sourcecode.swift; path = ImageLoaderTests.swift; sourceTree = "<group>"; };
		752F21C42F4E0BCE00C37D06 /* RxCocoa.framework */ = {isa = PBXFileReference; explicitFileType = wrapper.framework; path = RxCocoa.framework; sourceTree = BUILT_PRODUCTS_DIR; };
		752F21C82F4E0D7D00C37D06 /* GitHubServiceMock.swift */ = {isa = PBXFileReference; lastKnownFileType = sourcecode.swift; path = GitHubServiceMock.swift; sourceTree = "<group>"; };
		753949782F47714F00E65D87 /* Coordinator.swift */ = {isa = PBXFileReference; lastKnownFileType = sourcecode.swift; path = Coordinator.swift; sourceTree = "<group>"; };
		7539497A2F4771A300E65D87 /* AppCoordinator.swift */ = {isa = PBXFileReference; lastKnownFileType = sourcecode.swift; path = AppCoordinator.swift; sourceTree = "<group>"; };
		7539497C2F47722900E65D87 /* SearchCoordinator.swift */ = {isa = PBXFileReference; lastKnownFileType = sourcecode.swift; path = SearchCoordinator.swift; sourceTree = "<group>"; };
		7539497E2F47725B00E65D87 /* RepoDetailsCoordinator.swift */ = {isa = PBXFileReference; lastKnownFileType = sourcecode.swift; path = RepoDetailsCoordinator.swift; sourceTree = "<group>"; };
		756D48922F4764370061A2EF /* RepoDetailsViewModel.swift */ = {isa = PBXFileReference; lastKnownFileType = sourcecode.swift; path = RepoDetailsViewModel.swift; sourceTree = "<group>"; };
		756D48942F4764800061A2EF /* RepoDetailsViewController.swift */ = {isa = PBXFileReference; lastKnownFileType = sourcecode.swift; path = RepoDetailsViewController.swift; sourceTree = "<group>"; };
		756E1A0D2F5F20A50091B2CD /* GitHubServiceTests.swift */ = {isa = PBXFileReference; lastKnownFileType = sourcecode.swift; path = GitHubServiceTests.swift; sourceTree = "<group>"; };
		756E1A0E2F5F20A50091B2CD /* NetworkClientMock.swift */ = {isa = PBXFileReference; lastKnownFileType = sourcecode.swift; path = NetworkClientMock.swift; sourceTree = "<group>"; };
		757F7D562F44F9D800F16F6E /* Repo.swift */ = {isa = PBXFileReference; lastKnownFileType = sourcecode.swift; path = Repo.swift; sourceTree = "<group>"; };
		757F7D5C2F44FA7600F16F6E /* GitHubAPI.swift */ = {isa = PBXFileReference; lastKnownFileType = sourcecode.swift; path = GitHubAPI.swift; sourceTree = "<group>"; };
		757F7D5E2F44FA9C00F16F6E /* NetworkClient.swift */ = {isa = PBXFileReference; lastKnownFileType = sourcecode.swift; path = NetworkClient.swift; sourceTree = "<group>"; };
		757F7D612F44FAE000F16F6E /* GitHubService.swift */ = {isa = PBXFileReference; lastKnownFileType = sourcecode.swift; path = GitHubService.swift; sourceTree = "<group>"; };
		75D4D8822FF24D2E00C0D123 /* ImageLoader.swift */ = {isa = PBXFileReference; lastKnownFileType = sourcecode.swift; path = ImageLoader.swift; sourceTree = "<group>"; };
		757F7D632F44FBA300F16F6E /* SearchViewModel.swift */ = {isa = PBXFileReference; lastKnownFileType = sourcecode.swift; path = SearchViewModel.swift; sourceTree = "<group>"; };
		757F7D662F44FC5C00F16F6E /* ActivityIndicator.swift */ = {isa = PBXFileReference; lastKnownFileType = sourcecode.swift; path = ActivityIndicator.swift; sourceTree = "<group>"; };
		759A48BF2F5D3A1200B8D7E1 /* SearchViewModelStateTests.swift */ = {isa = PBXFileReference; lastKnownFileType = sourcecode.swift; path = SearchViewModelStateTests.swift; sourceTree = "<group>"; };
		75AA0D352F435DE300B7FEFD /* GithubSearch.app */ = {isa = PBXFileReference; explicitFileType = wrapper.application; includeInIndex = 0; path = GithubSearch.app; sourceTree = BUILT_PRODUCTS_DIR; };
		75AA0D382F435DE300B7FEFD /* AppDelegate.swift */ = {isa = PBXFileReference; lastKnownFileType = sourcecode.swift; path = AppDelegate.swift; sourceTree = "<group>"; };
		75AA0D3A2F435DE300B7FEFD /* SceneDelegate.swift */ = {isa = PBXFileReference; lastKnownFileType = sourcecode.swift; path = SceneDelegate.swift; sourceTree = "<group>"; };
		75AA0D3C2F435DE300B7FEFD /* SearchViewController.swift */ = {isa = PBXFileReference; lastKnownFileType = sourcecode.swift; path = SearchViewController.swift; sourceTree = "<group>"; };
		75AA0D412F435DE500B7FEFD /* Assets.xcassets */ = {isa = PBXFileReference; lastKnownFileType = folder.assetcatalog; path = Assets.xcassets; sourceTree = "<group>"; };
		75AA0D442F435DE500B7FEFD /* Base */ = {isa = PBXFileReference; lastKnownFileType = file.storyboard; name = Base; path = Base.lproj/LaunchScreen.storyboard; sourceTree = "<group>"; };
		75AA0D462F435DE500B7FEFD /* Info.plist */ = {isa = PBXFileReference; lastKnownFileType = text.plist.xml; path = Info.plist; sourceTree = "<group>"; };
		75AA0D4B2F435DE600B7FEFD /* GithubSearchTests.xctest */ = {isa = PBXFileReference; explicitFileType = wrapper.cfbundle; includeInIndex = 0; path = GithubSearchTests.xctest; sourceTree = BUILT_PRODUCTS_DIR; };
		75AA0D552F435DE600B7FEFD /* GithubSearchUITests.xctest */ = {isa = PBXFileReference; explicitFileType = wrapper.cfbundle; includeInIndex = 0; path = GithubSearchUITests.xctest; sourceTree = BUILT_PRODUCTS_DIR; };
		75AA0D592F435DE600B7FEFD /* GithubSearchUITests.swift */ = {isa = PBXFileReference; lastKnownFileType = sourcecode.swift; path = GithubSearchUITests.swift; sourceTree = "<group>"; };
		75AA0D5B2F435DE600B7FEFD /* GithubSearchUITestsLaunchTests.swift */ = {isa = PBXFileReference; lastKnownFileType = sourcecode.swift; path = GithubSearchUITestsLaunchTests.swift; sourceTree = "<group>"; };
		75C987B52F4DFEC00031A9A8 /* SearchViewModelTests.swift */ = {isa = PBXFileReference; lastKnownFileType = sourcecode.swift; path = SearchViewModelTests.swift; sourceTree = "<group>"; };
		77027A0474887894A31775B4 /* Pods-GithubSearchTests.debug.xcconfig */ = {isa = PBXFileReference; includeInIndex = 1; lastKnownFileType = text.xcconfig; name = "Pods-GithubSearchTests.debug.xcconfig"; path = "Target Support Files/Pods-GithubSearchTests/Pods-GithubSearchTests.debug.xcconfig"; sourceTree = "<group>"; };
		8DD5A1EEF7AB6B1159D29813 /* Pods-GithubSearch.debug.xcconfig */ = {isa = PBXFileReference; includeInIndex = 1; lastKnownFileType = text.xcconfig; name = "Pods-GithubSearch.debug.xcconfig"; path = "Target Support Files/Pods-GithubSearch/Pods-GithubSearch.debug.xcconfig"; sourceTree = "<group>"; };
		9552144DFDC81286A263142E /* Pods_GithubSearch.framework */ = {isa = PBXFileReference; explicitFileType = wrapper.framework; includeInIndex = 0; path = Pods_GithubSearch.framework; sourceTree = BUILT_PRODUCTS_DIR; };
		9E4C5D9D028CE864C737E29B /* Pods-GithubSearch.release.xcconfig */ = {isa = PBXFileReference; includeInIndex = 1; lastKnownFileType = text.xcconfig; name = "Pods-GithubSearch.release.xcconfig"; path = "Target Support Files/Pods-GithubSearch/Pods-GithubSearch.release.xcconfig"; sourceTree = "<group>"; };
/* End PBXFileReference section */

/* Begin PBXFrameworksBuildPhase section */
		75AA0D322F435DE300B7FEFD /* Frameworks */ = {
			isa = PBXFrameworksBuildPhase;
			buildActionMask = 2147483647;
			files = (
				86ABAE3296A8D2E5BF68B993 /* Pods_GithubSearch.framework in Frameworks */,
			);
			runOnlyForDeploymentPostprocessing = 0;
		};
		75AA0D482F435DE600B7FEFD /* Frameworks */ = {
			isa = PBXFrameworksBuildPhase;
			buildActionMask = 2147483647;
			files = (
				F057FA8C133EBF8F5F2944A2 /* Pods_GithubSearchTests.framework in Frameworks */,
			);
			runOnlyForDeploymentPostprocessing = 0;
		};
		75AA0D522F435DE600B7FEFD /* Frameworks */ = {
			isa = PBXFrameworksBuildPhase;
			buildActionMask = 2147483647;
			files = (
			);
			runOnlyForDeploymentPostprocessing = 0;
		};
/* End PBXFrameworksBuildPhase section */

/* Begin PBXGroup section */
		33CC8A5721FCABDA0020E542 /* Frameworks */ = {
			isa = PBXGroup;
			children = (
				752F21C42F4E0BCE00C37D06 /* RxCocoa.framework */,
				75018D662F4E045000A88E6D /* RxSwift.framework */,
				9552144DFDC81286A263142E /* Pods_GithubSearch.framework */,
				59C5EF34541429DC176D3F61 /* Pods_GithubSearchTests.framework */,
			);
			name = Frameworks;
			sourceTree = "<group>";
		};
		753949802F47772F00E65D87 /* App */ = {
			isa = PBXGroup;
			children = (
				75AA0D382F435DE300B7FEFD /* AppDelegate.swift */,
				7499C1002FF23A1100A1C901 /* AppLaunchEnvironment.swift */,
				75AA0D3A2F435DE300B7FEFD /* SceneDelegate.swift */,
			);
			path = App;
			sourceTree = "<group>";
		};
		753949812F47774A00E65D87 /* Coordinators */ = {
			isa = PBXGroup;
			children = (
				7539497A2F4771A300E65D87 /* AppCoordinator.swift */,
				7539497C2F47722900E65D87 /* SearchCoordinator.swift */,
				7539497E2F47725B00E65D87 /* RepoDetailsCoordinator.swift */,
			);
			path = Coordinators;
			sourceTree = "<group>";
		};
		757F7D552F44F9BF00F16F6E /* Models */ = {
			isa = PBXGroup;
			children = (
				757F7D562F44F9D800F16F6E /* Repo.swift */,
			);
			path = Models;
			sourceTree = "<group>";
		};
		757F7D582F44FA0000F16F6E /* Networking */ = {
			isa = PBXGroup;
			children = (
				757F7D5C2F44FA7600F16F6E /* GitHubAPI.swift */,
				757F7D5E2F44FA9C00F16F6E /* NetworkClient.swift */,
			);
			path = Networking;
			sourceTree = "<group>";
		};
		757F7D592F44FA0C00F16F6E /* Views */ = {
			isa = PBXGroup;
			children = (
				750C8FCA2FDC2A9000A1C901 /* RepositoryCell.swift */,
			);
			path = Views;
			sourceTree = "<group>";
		};
		757F7D5A2F44FA1600F16F6E /* ViewControllers */ = {
			isa = PBXGroup;
			children = (
				75AA0D3C2F435DE300B7FEFD /* SearchViewController.swift */,
				756D48942F4764800061A2EF /* RepoDetailsViewController.swift */,
			);
			path = ViewControllers;
			sourceTree = "<group>";
		};
		757F7D5B2F44FA2B00F16F6E /* ViewModels */ = {
			isa = PBXGroup;
			children = (
				757F7D632F44FBA300F16F6E /* SearchViewModel.swift */,
				756D48922F4764370061A2EF /* RepoDetailsViewModel.swift */,
			);
			path = ViewModels;
			sourceTree = "<group>";
		};
		757F7D602F44FACE00F16F6E /* Services */ = {
			isa = PBXGroup;
			children = (
				757F7D612F44FAE000F16F6E /* GitHubService.swift */,
				75D4D8822FF24D2E00C0D123 /* ImageLoader.swift */,
			);
			path = Services;
			sourceTree = "<group>";
		};
		757F7D652F44FC3600F16F6E /* Shared */ = {
			isa = PBXGroup;
			children = (
				757F7D662F44FC5C00F16F6E /* ActivityIndicator.swift */,
				749F0C542FF286B90056A1C9 /* AvatarImagePresenter.swift */,
				753949782F47714F00E65D87 /* Coordinator.swift */,
				74C0DE6A2FF2A10000A1C901 /* L10n.swift */,
			);
			path = Shared;
			sourceTree = "<group>";
		};
		75AA0D2C2F435DE300B7FEFD = {
			isa = PBXGroup;
			children = (
				75AA0D372F435DE300B7FEFD /* GithubSearch */,
				75AA0D4E2F435DE600B7FEFD /* GithubSearchTests */,
				75AA0D582F435DE600B7FEFD /* GithubSearchUITests */,
				75AA0D362F435DE300B7FEFD /* Products */,
				868A82ABCF66C62DFF17C782 /* Pods */,
				33CC8A5721FCABDA0020E542 /* Frameworks */,
			);
			sourceTree = "<group>";
		};
		75AA0D362F435DE300B7FEFD /* Products */ = {
			isa = PBXGroup;
			children = (
				75AA0D352F435DE300B7FEFD /* GithubSearch.app */,
				75AA0D4B2F435DE600B7FEFD /* GithubSearchTests.xctest */,
				75AA0D552F435DE600B7FEFD /* GithubSearchUITests.xctest */,
			);
			name = Products;
			sourceTree = "<group>";
		};
		75AA0D372F435DE300B7FEFD /* GithubSearch */ = {
			isa = PBXGroup;
			children = (
				753949802F47772F00E65D87 /* App */,
				753949812F47774A00E65D87 /* Coordinators */,
				757F7D552F44F9BF00F16F6E /* Models */,
				757F7D582F44FA0000F16F6E /* Networking */,
				757F7D602F44FACE00F16F6E /* Services */,
				757F7D5A2F44FA1600F16F6E /* ViewControllers */,
				757F7D5B2F44FA2B00F16F6E /* ViewModels */,
				757F7D592F44FA0C00F16F6E /* Views */,
				75F5905D2F4E3E9F00EFE1D1 /* Resources */,
				757F7D652F44FC3600F16F6E /* Shared */,
				75AA0D432F435DE500B7FEFD /* LaunchScreen.storyboard */,
				75AA0D462F435DE500B7FEFD /* Info.plist */,
			);
			path = GithubSearch;
			sourceTree = "<group>";
		};
		75AA0D4E2F435DE600B7FEFD /* GithubSearchTests */ = {
			isa = PBXGroup;
			children = (
				756E1A0D2F5F20A50091B2CD /* GitHubServiceTests.swift */,
				75D4D8842FF24F6400C0D123 /* ImageLoaderTests.swift */,
				756E1A0E2F5F20A50091B2CD /* NetworkClientMock.swift */,
				750F6B142FDC3D6900E9A112 /* RepoDetailsViewModelTests.swift */,
				7510F5732FF264E600C11C44 /* RepositoryCellTests.swift */,
				75C987B52F4DFEC00031A9A8 /* SearchViewModelTests.swift */,
				759A48BF2F5D3A1200B8D7E1 /* SearchViewModelStateTests.swift */,
				752F21C82F4E0D7D00C37D06 /* GitHubServiceMock.swift */,
			);
			path = GithubSearchTests;
			sourceTree = "<group>";
		};
		75AA0D582F435DE600B7FEFD /* GithubSearchUITests */ = {
			isa = PBXGroup;
			children = (
				75AA0D592F435DE600B7FEFD /* GithubSearchUITests.swift */,
				75AA0D5B2F435DE600B7FEFD /* GithubSearchUITestsLaunchTests.swift */,
			);
			path = GithubSearchUITests;
			sourceTree = "<group>";
		};
		75F5905D2F4E3E9F00EFE1D1 /* Resources */ = {
			isa = PBXGroup;
			children = (
				75AA0D412F435DE500B7FEFD /* Assets.xcassets */,
				74C0DE6C2FF2A12000A1C901 /* Localizable.strings */,
			);
			path = Resources;
			sourceTree = "<group>";
		};
		868A82ABCF66C62DFF17C782 /* Pods */ = {
			isa = PBXGroup;
			children = (
				8DD5A1EEF7AB6B1159D29813 /* Pods-GithubSearch.debug.xcconfig */,
				9E4C5D9D028CE864C737E29B /* Pods-GithubSearch.release.xcconfig */,
				77027A0474887894A31775B4 /* Pods-GithubSearchTests.debug.xcconfig */,
				4E53E06399DFED2F523EC26E /* Pods-GithubSearchTests.release.xcconfig */,
			);
			path = Pods;
			sourceTree = "<group>";
		};
/* End PBXGroup section */

/* Begin PBXNativeTarget section */
		75AA0D342F435DE300B7FEFD /* GithubSearch */ = {
			isa = PBXNativeTarget;
			buildConfigurationList = 75AA0D5F2F435DE600B7FEFD /* Build configuration list for PBXNativeTarget "GithubSearch" */;
			buildPhases = (
				E9C72AF11BC6764C1EA5536F /* [CP] Check Pods Manifest.lock */,
				75A6A3292F44A5000064A9F5 /* Run SwiftLint */,
				75AA0D312F435DE300B7FEFD /* Sources */,
				75AA0D322F435DE300B7FEFD /* Frameworks */,
				75AA0D332F435DE300B7FEFD /* Resources */,
				C5084C52C871062F20EAC1A6 /* [CP] Embed Pods Frameworks */,
			);
			buildRules = (
			);
			dependencies = (
			);
			name = GithubSearch;
			productName = GithubSearch;
			productReference = 75AA0D352F435DE300B7FEFD /* GithubSearch.app */;
			productType = "com.apple.product-type.application";
		};
		75AA0D4A2F435DE600B7FEFD /* GithubSearchTests */ = {
			isa = PBXNativeTarget;
			buildConfigurationList = 75AA0D622F435DE600B7FEFD /* Build configuration list for PBXNativeTarget "GithubSearchTests" */;
			buildPhases = (
				98910A7BC646D4CFA6EF87E9 /* [CP] Check Pods Manifest.lock */,
				75AA0D472F435DE600B7FEFD /* Sources */,
				75AA0D482F435DE600B7FEFD /* Frameworks */,
				75AA0D492F435DE600B7FEFD /* Resources */,
				D531B11F56810BD85601292C /* [CP] Embed Pods Frameworks */,
			);
			buildRules = (
			);
			dependencies = (
				75AA0D4D2F435DE600B7FEFD /* PBXTargetDependency */,
			);
			name = GithubSearchTests;
			productName = GithubSearchTests;
			productReference = 75AA0D4B2F435DE600B7FEFD /* GithubSearchTests.xctest */;
			productType = "com.apple.product-type.bundle.unit-test";
		};
		75AA0D542F435DE600B7FEFD /* GithubSearchUITests */ = {
			isa = PBXNativeTarget;
			buildConfigurationList = 75AA0D652F435DE600B7FEFD /* Build configuration list for PBXNativeTarget "GithubSearchUITests" */;
			buildPhases = (
				75AA0D512F435DE600B7FEFD /* Sources */,
				75AA0D522F435DE600B7FEFD /* Frameworks */,
				75AA0D532F435DE600B7FEFD /* Resources */,
			);
			buildRules = (
			);
			dependencies = (
				75AA0D572F435DE600B7FEFD /* PBXTargetDependency */,
			);
			name = GithubSearchUITests;
			productName = GithubSearchUITests;
			productReference = 75AA0D552F435DE600B7FEFD /* GithubSearchUITests.xctest */;
			productType = "com.apple.product-type.bundle.ui-testing";
		};
/* End PBXNativeTarget section */

/* Begin PBXProject section */
		75AA0D2D2F435DE300B7FEFD /* Project object */ = {
			isa = PBXProject;
			attributes = {
				BuildIndependentTargetsInParallel = 1;
				LastSwiftUpdateCheck = 1420;
				LastUpgradeCheck = 1420;
				TargetAttributes = {
					75AA0D342F435DE300B7FEFD = {
						CreatedOnToolsVersion = 14.2;
					};
					75AA0D4A2F435DE600B7FEFD = {
						CreatedOnToolsVersion = 14.2;
						TestTargetID = 75AA0D342F435DE300B7FEFD;
					};
					75AA0D542F435DE600B7FEFD = {
						CreatedOnToolsVersion = 14.2;
						TestTargetID = 75AA0D342F435DE300B7FEFD;
					};
				};
			};
			buildConfigurationList = 75AA0D302F435DE300B7FEFD /* Build configuration list for PBXProject "GithubSearch" */;
			compatibilityVersion = "Xcode 14.0";
			developmentRegion = en;
			hasScannedForEncodings = 0;
			knownRegions = (
				en,
				Base,
			);
			mainGroup = 75AA0D2C2F435DE300B7FEFD;
			productRefGroup = 75AA0D362F435DE300B7FEFD /* Products */;
			projectDirPath = "";
			projectRoot = "";
			targets = (
				75AA0D342F435DE300B7FEFD /* GithubSearch */,
				75AA0D4A2F435DE600B7FEFD /* GithubSearchTests */,
				75AA0D542F435DE600B7FEFD /* GithubSearchUITests */,
			);
		};
/* End PBXProject section */

/* Begin PBXResourcesBuildPhase section */
		75AA0D332F435DE300B7FEFD /* Resources */ = {
			isa = PBXResourcesBuildPhase;
			buildActionMask = 2147483647;
			files = (
				74C0DE6E2FF2A12000A1C901 /* Localizable.strings in Resources */,
				75AA0D452F435DE500B7FEFD /* LaunchScreen.storyboard in Resources */,
				75AA0D422F435DE500B7FEFD /* Assets.xcassets in Resources */,
			);
			runOnlyForDeploymentPostprocessing = 0;
		};
		75AA0D492F435DE600B7FEFD /* Resources */ = {
			isa = PBXResourcesBuildPhase;
			buildActionMask = 2147483647;
			files = (
			);
			runOnlyForDeploymentPostprocessing = 0;
		};
		75AA0D532F435DE600B7FEFD /* Resources */ = {
			isa = PBXResourcesBuildPhase;
			buildActionMask = 2147483647;
			files = (
			);
			runOnlyForDeploymentPostprocessing = 0;
		};
/* End PBXResourcesBuildPhase section */

/* Begin PBXShellScriptBuildPhase section */
		75A6A3292F44A5000064A9F5 /* Run SwiftLint */ = {
			isa = PBXShellScriptBuildPhase;
			buildActionMask = 2147483647;
			files = (
			);
			inputFileListPaths = (
			);
			inputPaths = (
			);
			name = "Run SwiftLint";
			outputFileListPaths = (
			);
			outputPaths = (
			);
			runOnlyForDeploymentPostprocessing = 0;
			shellPath = /bin/sh;
			shellScript = "${PODS_ROOT}/SwiftLint/swiftlint\n";
		};
		98910A7BC646D4CFA6EF87E9 /* [CP] Check Pods Manifest.lock */ = {
			isa = PBXShellScriptBuildPhase;
			buildActionMask = 2147483647;
			files = (
			);
			inputFileListPaths = (
			);
			inputPaths = (
				"${PODS_PODFILE_DIR_PATH}/Podfile.lock",
				"${PODS_ROOT}/Manifest.lock",
			);
			name = "[CP] Check Pods Manifest.lock";
			outputFileListPaths = (
			);
			outputPaths = (
				"$(DERIVED_FILE_DIR)/Pods-GithubSearchTests-checkManifestLockResult.txt",
			);
			runOnlyForDeploymentPostprocessing = 0;
			shellPath = /bin/sh;
			shellScript = "diff \"${PODS_PODFILE_DIR_PATH}/Podfile.lock\" \"${PODS_ROOT}/Manifest.lock\" > /dev/null\nif [ $? != 0 ] ; then\n    # print error to STDERR\n    echo \"error: The sandbox is not in sync with the Podfile.lock. Run 'pod install' or update your CocoaPods installation.\" >&2\n    exit 1\nfi\n# This output is used by Xcode 'outputs' to avoid re-running this script phase.\necho \"SUCCESS\" > \"${SCRIPT_OUTPUT_FILE_0}\"\n";
			showEnvVarsInLog = 0;
		};
		C5084C52C871062F20EAC1A6 /* [CP] Embed Pods Frameworks */ = {
			isa = PBXShellScriptBuildPhase;
			buildActionMask = 2147483647;
			files = (
			);
			inputFileListPaths = (
				"${PODS_ROOT}/Target Support Files/Pods-GithubSearch/Pods-GithubSearch-frameworks-${CONFIGURATION}-input-files.xcfilelist",
			);
			name = "[CP] Embed Pods Frameworks";
			outputFileListPaths = (
				"${PODS_ROOT}/Target Support Files/Pods-GithubSearch/Pods-GithubSearch-frameworks-${CONFIGURATION}-output-files.xcfilelist",
			);
			runOnlyForDeploymentPostprocessing = 0;
			shellPath = /bin/sh;
			shellScript = "\"${PODS_ROOT}/Target Support Files/Pods-GithubSearch/Pods-GithubSearch-frameworks.sh\"\n";
			showEnvVarsInLog = 0;
		};
		D531B11F56810BD85601292C /* [CP] Embed Pods Frameworks */ = {
			isa = PBXShellScriptBuildPhase;
			buildActionMask = 2147483647;
			files = (
			);
			inputFileListPaths = (
				"${PODS_ROOT}/Target Support Files/Pods-GithubSearchTests/Pods-GithubSearchTests-frameworks-${CONFIGURATION}-input-files.xcfilelist",
			);
			name = "[CP] Embed Pods Frameworks";
			outputFileListPaths = (
				"${PODS_ROOT}/Target Support Files/Pods-GithubSearchTests/Pods-GithubSearchTests-frameworks-${CONFIGURATION}-output-files.xcfilelist",
			);
			runOnlyForDeploymentPostprocessing = 0;
			shellPath = /bin/sh;
			shellScript = "\"${PODS_ROOT}/Target Support Files/Pods-GithubSearchTests/Pods-GithubSearchTests-frameworks.sh\"\n";
			showEnvVarsInLog = 0;
		};
		E9C72AF11BC6764C1EA5536F /* [CP] Check Pods Manifest.lock */ = {
			isa = PBXShellScriptBuildPhase;
			buildActionMask = 2147483647;
			files = (
			);
			inputFileListPaths = (
			);
			inputPaths = (
				"${PODS_PODFILE_DIR_PATH}/Podfile.lock",
				"${PODS_ROOT}/Manifest.lock",
			);
			name = "[CP] Check Pods Manifest.lock";
			outputFileListPaths = (
			);
			outputPaths = (
				"$(DERIVED_FILE_DIR)/Pods-GithubSearch-checkManifestLockResult.txt",
			);
			runOnlyForDeploymentPostprocessing = 0;
			shellPath = /bin/sh;
			shellScript = "diff \"${PODS_PODFILE_DIR_PATH}/Podfile.lock\" \"${PODS_ROOT}/Manifest.lock\" > /dev/null\nif [ $? != 0 ] ; then\n    # print error to STDERR\n    echo \"error: The sandbox is not in sync with the Podfile.lock. Run 'pod install' or update your CocoaPods installation.\" >&2\n    exit 1\nfi\n# This output is used by Xcode 'outputs' to avoid re-running this script phase.\necho \"SUCCESS\" > \"${SCRIPT_OUTPUT_FILE_0}\"\n";
			showEnvVarsInLog = 0;
		};
/* End PBXShellScriptBuildPhase section */

/* Begin PBXSourcesBuildPhase section */
		75AA0D312F435DE300B7FEFD /* Sources */ = {
			isa = PBXSourcesBuildPhase;
			buildActionMask = 2147483647;
			files = (
				7499C1012FF23A1100A1C901 /* AppLaunchEnvironment.swift in Sources */,
				749F0C552FF286B90056A1C9 /* AvatarImagePresenter.swift in Sources */,
				74C0DE6B2FF2A10000A1C901 /* L10n.swift in Sources */,
				750C8FCB2FDC2A9000A1C901 /* RepositoryCell.swift in Sources */,
				7539497D2F47722900E65D87 /* SearchCoordinator.swift in Sources */,
				756D48952F4764800061A2EF /* RepoDetailsViewController.swift in Sources */,
				753949792F47714F00E65D87 /* Coordinator.swift in Sources */,
				757F7D5D2F44FA7600F16F6E /* GitHubAPI.swift in Sources */,
				757F7D622F44FAE000F16F6E /* GitHubService.swift in Sources */,
				75D4D8832FF24D2E00C0D123 /* ImageLoader.swift in Sources */,
				756D48932F4764370061A2EF /* RepoDetailsViewModel.swift in Sources */,
				7539497F2F47725B00E65D87 /* RepoDetailsCoordinator.swift in Sources */,
				7539497B2F4771A300E65D87 /* AppCoordinator.swift in Sources */,
				75AA0D3D2F435DE300B7FEFD /* SearchViewController.swift in Sources */,
				757F7D572F44F9D800F16F6E /* Repo.swift in Sources */,
				757F7D5F2F44FA9C00F16F6E /* NetworkClient.swift in Sources */,
				757F7D672F44FC5C00F16F6E /* ActivityIndicator.swift in Sources */,
				757F7D642F44FBA300F16F6E /* SearchViewModel.swift in Sources */,
				75AA0D392F435DE300B7FEFD /* AppDelegate.swift in Sources */,
				75AA0D3B2F435DE300B7FEFD /* SceneDelegate.swift in Sources */,
			);
			runOnlyForDeploymentPostprocessing = 0;
		};
		75AA0D472F435DE600B7FEFD /* Sources */ = {
			isa = PBXSourcesBuildPhase;
			buildActionMask = 2147483647;
			files = (
				75D4D8852FF24F6400C0D123 /* ImageLoaderTests.swift in Sources */,
				750F6B152FDC3D6900E9A112 /* RepoDetailsViewModelTests.swift in Sources */,
				752F21C92F4E0D7D00C37D06 /* GitHubServiceMock.swift in Sources */,
				7510F5742FF264E600C11C44 /* RepositoryCellTests.swift in Sources */,
				756E1A0F2F5F20A50091B2CD /* GitHubServiceTests.swift in Sources */,
				756E1A102F5F20A50091B2CD /* NetworkClientMock.swift in Sources */,
				759A48C02F5D3A1200B8D7E1 /* SearchViewModelStateTests.swift in Sources */,
				75C987B62F4DFEC00031A9A8 /* SearchViewModelTests.swift in Sources */,
			);
			runOnlyForDeploymentPostprocessing = 0;
		};
		75AA0D512F435DE600B7FEFD /* Sources */ = {
			isa = PBXSourcesBuildPhase;
			buildActionMask = 2147483647;
			files = (
				75AA0D5A2F435DE600B7FEFD /* GithubSearchUITests.swift in Sources */,
				75AA0D5C2F435DE600B7FEFD /* GithubSearchUITestsLaunchTests.swift in Sources */,
			);
			runOnlyForDeploymentPostprocessing = 0;
		};
/* End PBXSourcesBuildPhase section */

/* Begin PBXTargetDependency section */
		75AA0D4D2F435DE600B7FEFD /* PBXTargetDependency */ = {
			isa = PBXTargetDependency;
			target = 75AA0D342F435DE300B7FEFD /* GithubSearch */;
			targetProxy = 75AA0D4C2F435DE600B7FEFD /* PBXContainerItemProxy */;
		};
		75AA0D572F435DE600B7FEFD /* PBXTargetDependency */ = {
			isa = PBXTargetDependency;
			target = 75AA0D342F435DE300B7FEFD /* GithubSearch */;
			targetProxy = 75AA0D562F435DE600B7FEFD /* PBXContainerItemProxy */;
		};
/* End PBXTargetDependency section */

/* Begin PBXVariantGroup section */
		74C0DE6C2FF2A12000A1C901 /* Localizable.strings */ = {
			isa = PBXVariantGroup;
			children = (
				74C0DE6D2FF2A12000A1C901 /* en */,
			);
			name = Localizable.strings;
			sourceTree = "<group>";
		};
		75AA0D432F435DE500B7FEFD /* LaunchScreen.storyboard */ = {
			isa = PBXVariantGroup;
			children = (
				75AA0D442F435DE500B7FEFD /* Base */,
			);
			name = LaunchScreen.storyboard;
			sourceTree = "<group>";
		};
/* End PBXVariantGroup section */

/* Begin XCBuildConfiguration section */
		75AA0D5D2F435DE600B7FEFD /* Debug */ = {
			isa = XCBuildConfiguration;
			buildSettings = {
				ALWAYS_SEARCH_USER_PATHS = NO;
				CLANG_ANALYZER_NONNULL = YES;
				CLANG_ANALYZER_NUMBER_OBJECT_CONVERSION = YES_AGGRESSIVE;
				CLANG_CXX_LANGUAGE_STANDARD = "gnu++20";
				CLANG_ENABLE_MODULES = YES;
				CLANG_ENABLE_OBJC_ARC = YES;
				CLANG_ENABLE_OBJC_WEAK = YES;
				CLANG_WARN_BLOCK_CAPTURE_AUTORELEASING = YES;
				CLANG_WARN_BOOL_CONVERSION = YES;
				CLANG_WARN_COMMA = YES;
				CLANG_WARN_CONSTANT_CONVERSION = YES;
				CLANG_WARN_DEPRECATED_OBJC_IMPLEMENTATIONS = YES;
				CLANG_WARN_DIRECT_OBJC_ISA_USAGE = YES_ERROR;
				CLANG_WARN_DOCUMENTATION_COMMENTS = YES;
				CLANG_WARN_EMPTY_BODY = YES;
				CLANG_WARN_ENUM_CONVERSION = YES;
				CLANG_WARN_INFINITE_RECURSION = YES;
				CLANG_WARN_INT_CONVERSION = YES;
				CLANG_WARN_NON_LITERAL_NULL_CONVERSION = YES;
				CLANG_WARN_OBJC_IMPLICIT_RETAIN_SELF = YES;
				CLANG_WARN_OBJC_LITERAL_CONVERSION = YES;
				CLANG_WARN_OBJC_ROOT_CLASS = YES_ERROR;
				CLANG_WARN_QUOTED_INCLUDE_IN_FRAMEWORK_HEADER = YES;
				CLANG_WARN_RANGE_LOOP_ANALYSIS = YES;
				CLANG_WARN_STRICT_PROTOTYPES = YES;
				CLANG_WARN_SUSPICIOUS_MOVE = YES;
				CLANG_WARN_UNGUARDED_AVAILABILITY = YES_AGGRESSIVE;
				CLANG_WARN_UNREACHABLE_CODE = YES;
				CLANG_WARN__DUPLICATE_METHOD_MATCH = YES;
				COPY_PHASE_STRIP = NO;
				DEBUG_INFORMATION_FORMAT = dwarf;
				ENABLE_STRICT_OBJC_MSGSEND = YES;
				ENABLE_TESTABILITY = YES;
				GCC_C_LANGUAGE_STANDARD = gnu11;
				GCC_DYNAMIC_NO_PIC = NO;
				GCC_NO_COMMON_BLOCKS = YES;
				GCC_OPTIMIZATION_LEVEL = 0;
				GCC_PREPROCESSOR_DEFINITIONS = (
					"DEBUG=1",
					"$(inherited)",
				);
				GCC_WARN_64_TO_32_BIT_CONVERSION = YES;
				GCC_WARN_ABOUT_RETURN_TYPE = YES_ERROR;
				GCC_WARN_UNDECLARED_SELECTOR = YES;
				GCC_WARN_UNINITIALIZED_AUTOS = YES_AGGRESSIVE;
				GCC_WARN_UNUSED_FUNCTION = YES;
				GCC_WARN_UNUSED_VARIABLE = YES;
				IPHONEOS_DEPLOYMENT_TARGET = 16.0;
				MTL_ENABLE_DEBUG_INFO = INCLUDE_SOURCE;
				MTL_FAST_MATH = YES;
				ONLY_ACTIVE_ARCH = YES;
				SDKROOT = iphoneos;
				SWIFT_ACTIVE_COMPILATION_CONDITIONS = DEBUG;
				SWIFT_OPTIMIZATION_LEVEL = "-Onone";
			};
			name = Debug;
		};
		75AA0D5E2F435DE600B7FEFD /* Release */ = {
			isa = XCBuildConfiguration;
			buildSettings = {
				ALWAYS_SEARCH_USER_PATHS = NO;
				CLANG_ANALYZER_NONNULL = YES;
				CLANG_ANALYZER_NUMBER_OBJECT_CONVERSION = YES_AGGRESSIVE;
				CLANG_CXX_LANGUAGE_STANDARD = "gnu++20";
				CLANG_ENABLE_MODULES = YES;
				CLANG_ENABLE_OBJC_ARC = YES;
				CLANG_ENABLE_OBJC_WEAK = YES;
				CLANG_WARN_BLOCK_CAPTURE_AUTORELEASING = YES;
				CLANG_WARN_BOOL_CONVERSION = YES;
				CLANG_WARN_COMMA = YES;
				CLANG_WARN_CONSTANT_CONVERSION = YES;
				CLANG_WARN_DEPRECATED_OBJC_IMPLEMENTATIONS = YES;
				CLANG_WARN_DIRECT_OBJC_ISA_USAGE = YES_ERROR;
				CLANG_WARN_DOCUMENTATION_COMMENTS = YES;
				CLANG_WARN_EMPTY_BODY = YES;
				CLANG_WARN_ENUM_CONVERSION = YES;
				CLANG_WARN_INFINITE_RECURSION = YES;
				CLANG_WARN_INT_CONVERSION = YES;
				CLANG_WARN_NON_LITERAL_NULL_CONVERSION = YES;
				CLANG_WARN_OBJC_IMPLICIT_RETAIN_SELF = YES;
				CLANG_WARN_OBJC_LITERAL_CONVERSION = YES;
				CLANG_WARN_OBJC_ROOT_CLASS = YES_ERROR;
				CLANG_WARN_QUOTED_INCLUDE_IN_FRAMEWORK_HEADER = YES;
				CLANG_WARN_RANGE_LOOP_ANALYSIS = YES;
				CLANG_WARN_STRICT_PROTOTYPES = YES;
				CLANG_WARN_SUSPICIOUS_MOVE = YES;
				CLANG_WARN_UNGUARDED_AVAILABILITY = YES_AGGRESSIVE;
				CLANG_WARN_UNREACHABLE_CODE = YES;
				CLANG_WARN__DUPLICATE_METHOD_MATCH = YES;
				COPY_PHASE_STRIP = NO;
				DEBUG_INFORMATION_FORMAT = "dwarf-with-dsym";
				ENABLE_NS_ASSERTIONS = NO;
				ENABLE_STRICT_OBJC_MSGSEND = YES;
				GCC_C_LANGUAGE_STANDARD = gnu11;
				GCC_NO_COMMON_BLOCKS = YES;
				GCC_WARN_64_TO_32_BIT_CONVERSION = YES;
				GCC_WARN_ABOUT_RETURN_TYPE = YES_ERROR;
				GCC_WARN_UNDECLARED_SELECTOR = YES;
				GCC_WARN_UNINITIALIZED_AUTOS = YES_AGGRESSIVE;
				GCC_WARN_UNUSED_FUNCTION = YES;
				GCC_WARN_UNUSED_VARIABLE = YES;
				IPHONEOS_DEPLOYMENT_TARGET = 16.0;
				MTL_ENABLE_DEBUG_INFO = NO;
				MTL_FAST_MATH = YES;
				SDKROOT = iphoneos;
				SWIFT_COMPILATION_MODE = wholemodule;
				SWIFT_OPTIMIZATION_LEVEL = "-O";
				VALIDATE_PRODUCT = YES;
			};
			name = Release;
		};
		75AA0D602F435DE600B7FEFD /* Debug */ = {
			isa = XCBuildConfiguration;
			baseConfigurationReference = 8DD5A1EEF7AB6B1159D29813 /* Pods-GithubSearch.debug.xcconfig */;
			buildSettings = {
				ASSETCATALOG_COMPILER_APPICON_NAME = AppIcon;
				ASSETCATALOG_COMPILER_GLOBAL_ACCENT_COLOR_NAME = AccentColor;
				CODE_SIGN_STYLE = Automatic;
				CURRENT_PROJECT_VERSION = 1;
				DEVELOPMENT_TEAM = NKX4Y6CAJV;
				GENERATE_INFOPLIST_FILE = YES;
				INFOPLIST_FILE = GithubSearch/Info.plist;
				INFOPLIST_KEY_UIApplicationSupportsIndirectInputEvents = YES;
				INFOPLIST_KEY_UILaunchStoryboardName = LaunchScreen;
				INFOPLIST_KEY_UISupportedInterfaceOrientations_iPad = "UIInterfaceOrientationPortrait UIInterfaceOrientationPortraitUpsideDown UIInterfaceOrientationLandscapeLeft UIInterfaceOrientationLandscapeRight";
				INFOPLIST_KEY_UISupportedInterfaceOrientations_iPhone = "UIInterfaceOrientationPortrait UIInterfaceOrientationLandscapeLeft UIInterfaceOrientationLandscapeRight";
				IPHONEOS_DEPLOYMENT_TARGET = 16;
				LD_RUNPATH_SEARCH_PATHS = (
					"$(inherited)",
					"@executable_path/Frameworks",
				);
				MARKETING_VERSION = 1.0;
				PRODUCT_BUNDLE_IDENTIFIER = com.gmail.urszulawiertel.GithubSearch;
				PRODUCT_NAME = "$(TARGET_NAME)";
				SWIFT_EMIT_LOC_STRINGS = YES;
				SWIFT_VERSION = 5.0;
				TARGETED_DEVICE_FAMILY = "1,2";
			};
			name = Debug;
		};
		75AA0D612F435DE600B7FEFD /* Release */ = {
			isa = XCBuildConfiguration;
			baseConfigurationReference = 9E4C5D9D028CE864C737E29B /* Pods-GithubSearch.release.xcconfig */;
			buildSettings = {
				ASSETCATALOG_COMPILER_APPICON_NAME = AppIcon;
				ASSETCATALOG_COMPILER_GLOBAL_ACCENT_COLOR_NAME = AccentColor;
				CODE_SIGN_STYLE = Automatic;
				CURRENT_PROJECT_VERSION = 1;
				DEVELOPMENT_TEAM = NKX4Y6CAJV;
				GENERATE_INFOPLIST_FILE = YES;
				INFOPLIST_FILE = GithubSearch/Info.plist;
				INFOPLIST_KEY_UIApplicationSupportsIndirectInputEvents = YES;
				INFOPLIST_KEY_UILaunchStoryboardName = LaunchScreen;
				INFOPLIST_KEY_UISupportedInterfaceOrientations_iPad = "UIInterfaceOrientationPortrait UIInterfaceOrientationPortraitUpsideDown UIInterfaceOrientationLandscapeLeft UIInterfaceOrientationLandscapeRight";
				INFOPLIST_KEY_UISupportedInterfaceOrientations_iPhone = "UIInterfaceOrientationPortrait UIInterfaceOrientationLandscapeLeft UIInterfaceOrientationLandscapeRight";
				IPHONEOS_DEPLOYMENT_TARGET = 16;
				LD_RUNPATH_SEARCH_PATHS = (
					"$(inherited)",
					"@executable_path/Frameworks",
				);
				MARKETING_VERSION = 1.0;
				PRODUCT_BUNDLE_IDENTIFIER = com.gmail.urszulawiertel.GithubSearch;
				PRODUCT_NAME = "$(TARGET_NAME)";
				SWIFT_EMIT_LOC_STRINGS = YES;
				SWIFT_VERSION = 5.0;
				TARGETED_DEVICE_FAMILY = "1,2";
			};
			name = Release;
		};
		75AA0D632F435DE600B7FEFD /* Debug */ = {
			isa = XCBuildConfiguration;
			baseConfigurationReference = 77027A0474887894A31775B4 /* Pods-GithubSearchTests.debug.xcconfig */;
			buildSettings = {
				BUNDLE_LOADER = "$(TEST_HOST)";
				CODE_SIGN_STYLE = Automatic;
				CURRENT_PROJECT_VERSION = 1;
				DEVELOPMENT_TEAM = NKX4Y6CAJV;
				GENERATE_INFOPLIST_FILE = YES;
				IPHONEOS_DEPLOYMENT_TARGET = 16.0;
				MARKETING_VERSION = 1.0;
				PRODUCT_BUNDLE_IDENTIFIER = com.gmail.urszulawiertel.GithubSearchTests;
				PRODUCT_NAME = "$(TARGET_NAME)";
				SWIFT_EMIT_LOC_STRINGS = NO;
				SWIFT_VERSION = 5.0;
				TARGETED_DEVICE_FAMILY = "1,2";
				TEST_HOST = "$(BUILT_PRODUCTS_DIR)/GithubSearch.app/$(BUNDLE_EXECUTABLE_FOLDER_PATH)/GithubSearch";
			};
			name = Debug;
		};
		75AA0D642F435DE600B7FEFD /* Release */ = {
			isa = XCBuildConfiguration;
			baseConfigurationReference = 4E53E06399DFED2F523EC26E /* Pods-GithubSearchTests.release.xcconfig */;
			buildSettings = {
				BUNDLE_LOADER = "$(TEST_HOST)";
				CODE_SIGN_STYLE = Automatic;
				CURRENT_PROJECT_VERSION = 1;
				DEVELOPMENT_TEAM = NKX4Y6CAJV;
				GENERATE_INFOPLIST_FILE = YES;
				IPHONEOS_DEPLOYMENT_TARGET = 16.0;
				MARKETING_VERSION = 1.0;
				PRODUCT_BUNDLE_IDENTIFIER = com.gmail.urszulawiertel.GithubSearchTests;
				PRODUCT_NAME = "$(TARGET_NAME)";
				SWIFT_EMIT_LOC_STRINGS = NO;
				SWIFT_VERSION = 5.0;
				TARGETED_DEVICE_FAMILY = "1,2";
				TEST_HOST = "$(BUILT_PRODUCTS_DIR)/GithubSearch.app/$(BUNDLE_EXECUTABLE_FOLDER_PATH)/GithubSearch";
			};
			name = Release;
		};
		75AA0D662F435DE600B7FEFD /* Debug */ = {
			isa = XCBuildConfiguration;
			buildSettings = {
				ALWAYS_EMBED_SWIFT_STANDARD_LIBRARIES = YES;
				CODE_SIGN_STYLE = Automatic;
				CURRENT_PROJECT_VERSION = 1;
				DEVELOPMENT_TEAM = NKX4Y6CAJV;
				GENERATE_INFOPLIST_FILE = YES;
				MARKETING_VERSION = 1.0;
				PRODUCT_BUNDLE_IDENTIFIER = com.gmail.urszulawiertel.GithubSearchUITests;
				PRODUCT_NAME = "$(TARGET_NAME)";
				SWIFT_EMIT_LOC_STRINGS = NO;
				SWIFT_VERSION = 5.0;
				TARGETED_DEVICE_FAMILY = "1,2";
				TEST_TARGET_NAME = GithubSearch;
			};
			name = Debug;
		};
		75AA0D672F435DE600B7FEFD /* Release */ = {
			isa = XCBuildConfiguration;
			buildSettings = {
				ALWAYS_EMBED_SWIFT_STANDARD_LIBRARIES = YES;
				CODE_SIGN_STYLE = Automatic;
				CURRENT_PROJECT_VERSION = 1;
				DEVELOPMENT_TEAM = NKX4Y6CAJV;
				GENERATE_INFOPLIST_FILE = YES;
				MARKETING_VERSION = 1.0;
				PRODUCT_BUNDLE_IDENTIFIER = com.gmail.urszulawiertel.GithubSearchUITests;
				PRODUCT_NAME = "$(TARGET_NAME)";
				SWIFT_EMIT_LOC_STRINGS = NO;
				SWIFT_VERSION = 5.0;
				TARGETED_DEVICE_FAMILY = "1,2";
				TEST_TARGET_NAME = GithubSearch;
			};
			name = Release;
		};
/* End XCBuildConfiguration section */

/* Begin XCConfigurationList section */
		75AA0D302F435DE300B7FEFD /* Build configuration list for PBXProject "GithubSearch" */ = {
			isa = XCConfigurationList;
			buildConfigurations = (
				75AA0D5D2F435DE600B7FEFD /* Debug */,
				75AA0D5E2F435DE600B7FEFD /* Release */,
			);
			defaultConfigurationIsVisible = 0;
			defaultConfigurationName = Release;
		};
		75AA0D5F2F435DE600B7FEFD /* Build configuration list for PBXNativeTarget "GithubSearch" */ = {
			isa = XCConfigurationList;
			buildConfigurations = (
				75AA0D602F435DE600B7FEFD /* Debug */,
				75AA0D612F435DE600B7FEFD /* Release */,
			);
			defaultConfigurationIsVisible = 0;
			defaultConfigurationName = Release;
		};
		75AA0D622F435DE600B7FEFD /* Build configuration list for PBXNativeTarget "GithubSearchTests" */ = {
			isa = XCConfigurationList;
			buildConfigurations = (
				75AA0D632F435DE600B7FEFD /* Debug */,
				75AA0D642F435DE600B7FEFD /* Release */,
			);
			defaultConfigurationIsVisible = 0;
			defaultConfigurationName = Release;
		};
		75AA0D652F435DE600B7FEFD /* Build configuration list for PBXNativeTarget "GithubSearchUITests" */ = {
			isa = XCConfigurationList;
			buildConfigurations = (
				75AA0D662F435DE600B7FEFD /* Debug */,
				75AA0D672F435DE600B7FEFD /* Release */,
			);
			defaultConfigurationIsVisible = 0;
			defaultConfigurationName = Release;
		};
/* End XCConfigurationList section */
	};
	rootObject = 75AA0D2D2F435DE300B7FEFD /* Project object */;
}
